
Microsoft Visual Studio Solution File, Format Version 12.00
# Visual Studio 15
VisualStudioVersion = 15.0.28010.0
MinimumVisualStudioVersion = 10.0.40219.1
Project("{FAE04EC0-301F-11D3-BF4B-00C04F79EFBC}") = "CalculoIRComBDDTest", "CalculoIRComBDDTest\CalculoIRComBDDTest.csproj", "{55610DD8-2107-45E3-B975-9BAD7B719789}"
EndProject
Project("{FAE04EC0-301F-11D3-BF4B-00C04F79EFBC}") = "CalculoIRComBDDStartup", "CalculoIRComBDDStartup\CalculoIRComBDDStartup.csproj", "{E9278A3D-8213-4A20-8F90-A6D363539745}"
EndProject
Global
	GlobalSection(SolutionConfigurationPlatforms) = preSolution
		Debug|Any CPU = Debug|Any CPU
		Release|Any CPU = Release|Any CPU
	EndGlobalSection
	GlobalSection(ProjectConfigurationPlatforms) = postSolution
		{55610DD8-2107-45E3-B975-9BAD7B719789}.Debug|Any CPU.ActiveCfg = Debug|Any CPU
		{55610DD8-2107-45E3-B975-9BAD7B719789}.Debug|Any CPU.Build.0 = Debug|Any CPU
		{55610DD8-2107-45E3-B975-9BAD7B719789}.Release|Any CPU.ActiveCfg = Release|Any CPU
		{55610DD8-2107-45E3-B975-9BAD7B719789}.Release|Any CPU.Build.0 = Release|Any CPU
		{E9278A3D-8213-4A20-8F90-A6D363539745}.Debug|Any CPU.ActiveCfg = Debug|Any CPU
		{E9278A3D-8213-4A20-8F90-A6D363539745}.Debug|Any CPU.Build.0 = Debug|Any CPU
		{E9278A3D-8213-4A20-8F90-A6D363539745}.Release|Any CPU.ActiveCfg = Release|Any CPU
		{E9278A3D-8213-4A20-8F90-A6D363539745}.Release|Any CPU.Build.0 = Release|Any CPU
	EndGlobalSection
	GlobalSection(SolutionProperties) = preSolution
		HideSolutionNode = FALSE
	EndGlobalSection
	GlobalSection(ExtensibilityGlobals) = postSolution
		SolutionGuid = {0D678498-4932-4D98-93AE-79617FB85B4E}
	EndGlobalSection
EndGlobal
